// !$*UTF8*$!
{
	archiveVersion = 1;
	classes = {
	};
	objectVersion = 46;
	objects = {

/* Begin PBXBuildFile section */
		AE0BA9671E559B5B00E7483F /* ObjcRuntime.m in Sources */ = {isa = PBXBuildFile; fileRef = AE0BA9661E559B5B00E7483F /* ObjcRuntime.m */; };
		AE99A3E31D2C946D00A18098 /* main.m in Sources */ = {isa = PBXBuildFile; fileRef = AE99A3E21D2C946D00A18098 /* main.m */; };
		AE99A3E61D2C946D00A18098 /* AppDelegate.m in Sources */ = {isa = PBXBuildFile; fileRef = AE99A3E51D2C946D00A18098 /* AppDelegate.m */; };
		AE99A3E91D2C946D00A18098 /* ViewController.m in Sources */ = {isa = PBXBuildFile; fileRef = AE99A3E81D2C946D00A18098 /* ViewController.m */; };
		AE99A3EC1D2C946D00A18098 /* Main.storyboard in Resources */ = {isa = PBXBuildFile; fileRef = AE99A3EA1D2C946D00A18098 /* Main.storyboard */; };
		AE99A3EE1D2C946D00A18098 /* Assets.xcassets in Resources */ = {isa = PBXBuildFile; fileRef = AE99A3ED1D2C946D00A18098 /* Assets.xcassets */; };
		AE99A3F11D2C946D00A18098 /* LaunchScreen.storyboard in Resources */ = {isa = PBXBuildFile; fileRef = AE99A3EF1D2C946D00A18098 /* LaunchScreen.storyboard */; };
		AE99A3FD1D2C954500A18098 /* UIImage+Expansion.m in Sources */ = {isa = PBXBuildFile; fileRef = AE99A3FA1D2C954500A18098 /* UIImage+Expansion.m */; };
		AE99A3FE1D2C954500A18098 /* UIView+Touch.m in Sources */ = {isa = PBXBuildFile; fileRef = AE99A3FC1D2C954500A18098 /* UIView+Touch.m */; };
/* End PBXBuildFile section */

/* Begin PBXFileReference section */
		AE0BA9651E559B5B00E7483F /* ObjcRuntime.h */ = {isa = PBXFileReference; fileEncoding = 4; lastKnownFileType = sourcecode.c.h; path = ObjcRuntime.h; sourceTree = "<group>"; };
		AE0BA9661E559B5B00E7483F /* ObjcRuntime.m */ = {isa = PBXFileReference; fileEncoding = 4; lastKnownFileType = sourcecode.c.objc; path = ObjcRuntime.m; sourceTree = "<group>"; };
		AE99A3DE1D2C946D00A18098 /* ZLMTools.app */ = {isa = PBXFileReference; explicitFileType = wrapper.application; includeInIndex = 0; path = ZLMTools.app; sourceTree = BUILT_PRODUCTS_DIR; };
		AE99A3E21D2C946D00A18098 /* main.m */ = {isa = PBXFileReference; lastKnownFileType = sourcecode.c.objc; path = main.m; sourceTree = "<group>"; };
		AE99A3E41D2C946D00A18098 /* AppDelegate.h */ = {isa = PBXFileReference; lastKnownFileType = sourcecode.c.h; path = AppDelegate.h; sourceTree = "<group>"; };
		AE99A3E51D2C946D00A18098 /* AppDelegate.m */ = {isa = PBXFileReference; lastKnownFileType = sourcecode.c.objc; path = AppDelegate.m; sourceTree = "<group>"; };
		AE99A3E71D2C946D00A18098 /* ViewController.h */ = {isa = PBXFileReference; lastKnownFileType = sourcecode.c.h; path = ViewController.h; sourceTree = "<group>"; };
		AE99A3E81D2C946D00A18098 /* ViewController.m */ = {isa = PBXFileReference; lastKnownFileType = sourcecode.c.objc; path = ViewController.m; sourceTree = "<group>"; };
		AE99A3EB1D2C946D00A18098 /* Base */ = {isa = PBXFileReference; lastKnownFileType = file.storyboard; name = Base; path = Base.lproj/Main.storyboard; sourceTree = "<group>"; };
		AE99A3ED1D2C946D00A18098 /* Assets.xcassets */ = {isa = PBXFileReference; lastKnownFileType = folder.assetcatalog; path = Assets.xcassets; sourceTree = "<group>"; };
		AE99A3F01D2C946D00A18098 /* Base */ = {isa = PBXFileReference; lastKnownFileType = file.storyboard; name = Base; path = Base.lproj/LaunchScreen.storyboard; sourceTree = "<group>"; };
		AE99A3F21D2C946D00A18098 /* Info.plist */ = {isa = PBXFileReference; lastKnownFileType = text.plist.xml; path = Info.plist; sourceTree = "<group>"; };
		AE99A3F91D2C954500A18098 /* UIImage+Expansion.h */ = {isa = PBXFileReference; fileEncoding = 4; lastKnownFileType = sourcecode.c.h; path = "UIImage+Expansion.h"; sourceTree = "<group>"; };
		AE99A3FA1D2C954500A18098 /* UIImage+Expansion.m */ = {isa = PBXFileReference; fileEncoding = 4; lastKnownFileType = sourcecode.c.objc; path = "UIImage+Expansion.m"; sourceTree = "<group>"; };
		AE99A3FB1D2C954500A18098 /* UIView+Touch.h */ = {isa = PBXFileReference; fileEncoding = 4; lastKnownFileType = sourcecode.c.h; path = "UIView+Touch.h"; sourceTree = "<group>"; };
		AE99A3FC1D2C954500A18098 /* UIView+Touch.m */ = {isa = PBXFileReference; fileEncoding = 4; lastKnownFileType = sourcecode.c.objc; path = "UIView+Touch.m"; sourceTree = "<group>"; };
		AEA1C5011D2DE96600A5A011 /* ZLMTools-Prefix.pch */ = {isa = PBXFileReference; fileEncoding = 4; lastKnownFileType = sourcecode.c.h; path = "ZLMTools-Prefix.pch"; sourceTree = "<group>"; };
/* End PBXFileReference section */

/* Begin PBXFrameworksBuildPhase section */
		AE99A3DB1D2C946D00A18098 /* Frameworks */ = {
			isa = PBXFrameworksBuildPhase;
			buildActionMask = 2147483647;
			files = (
			);
			runOnlyForDeploymentPostprocessing = 0;
		};
/* End PBXFrameworksBuildPhase section */

/* Begin PBXGroup section */
		AE0BA9641E559B5B00E7483F /* ObjcRuntime */ = {
			isa = PBXGroup;
			children = (
				AE0BA9651E559B5B00E7483F /* ObjcRuntime.h */,
				AE0BA9661E559B5B00E7483F /* ObjcRuntime.m */,
			);
			path = ObjcRuntime;
			sourceTree = "<group>";
		};
		AE99A3D51D2C946D00A18098 = {
			isa = PBXGroup;
			children = (
				AE99A3E01D2C946D00A18098 /* ZLMTools */,
				AE99A3DF1D2C946D00A18098 /* Products */,
			);
			sourceTree = "<group>";
		};
		AE99A3DF1D2C946D00A18098 /* Products */ = {
			isa = PBXGroup;
			children = (
				AE99A3DE1D2C946D00A18098 /* ZLMTools.app */,
			);
			name = Products;
			sourceTree = "<group>";
		};
		AE99A3E01D2C946D00A18098 /* ZLMTools */ = {
			isa = PBXGroup;
			children = (
				AE99A3E41D2C946D00A18098 /* AppDelegate.h */,
				AE99A3E51D2C946D00A18098 /* AppDelegate.m */,
				AE99A3E71D2C946D00A18098 /* ViewController.h */,
				AE99A3E81D2C946D00A18098 /* ViewController.m */,
				AE99A3EA1D2C946D00A18098 /* Main.storyboard */,
				AE99A3ED1D2C946D00A18098 /* Assets.xcassets */,
				AE99A3EF1D2C946D00A18098 /* LaunchScreen.storyboard */,
				AE99A3F21D2C946D00A18098 /* Info.plist */,
				AE99A3F81D2C954500A18098 /* Category */,
				AE99A3E11D2C946D00A18098 /* Supporting Files */,
			);
			path = ZLMTools;
			sourceTree = "<group>";
		};
		AE99A3E11D2C946D00A18098 /* Supporting Files */ = {
			isa = PBXGroup;
			children = (
				AEA1C5011D2DE96600A5A011 /* ZLMTools-Prefix.pch */,
				AE99A3E21D2C946D00A18098 /* main.m */,
			);
			name = "Supporting Files";
			sourceTree = "<group>";
		};
		AE99A3F81D2C954500A18098 /* Category */ = {
			isa = PBXGroup;
			children = (
				AE0BA9641E559B5B00E7483F /* ObjcRuntime */,
				AE99A3F91D2C954500A18098 /* UIImage+Expansion.h */,
				AE99A3FA1D2C954500A18098 /* UIImage+Expansion.m */,
				AE99A3FB1D2C954500A18098 /* UIView+Touch.h */,
				AE99A3FC1D2C954500A18098 /* UIView+Touch.m */,
			);
			path = Category;
			sourceTree = "<group>";
		};
/* End PBXGroup section */

/* Begin PBXNativeTarget section */
		AE99A3DD1D2C946D00A18098 /* ZLMTools */ = {
			isa = PBXNativeTarget;
			buildConfigurationList = AE99A3F51D2C946D00A18098 /* Build configuration list for PBXNativeTarget "ZLMTools" */;
			buildPhases = (
				AE99A3DA1D2C946D00A18098 /* Sources */,
				AE99A3DB1D2C946D00A18098 /* Frameworks */,
				AE99A3DC1D2C946D00A18098 /* Resources */,
			);
			buildRules = (
			);
			dependencies = (
			);
			name = ZLMTools;
			productName = ZLMTools;
			productReference = AE99A3DE1D2C946D00A18098 /* ZLMTools.app */;
			productType = "com.apple.product-type.application";
		};
/* End PBXNativeTarget section */

/* Begin PBXProject section */
		AE99A3D61D2C946D00A18098 /* Project object */ = {
			isa = PBXProject;
			attributes = {
				LastUpgradeCheck = 0730;
				ORGANIZATIONNAME = zhuo;
				TargetAttributes = {
					AE99A3DD1D2C946D00A18098 = {
						CreatedOnToolsVersion = 7.3;
					};
				};
			};
			buildConfigurationList = AE99A3D91D2C946D00A18098 /* Build configuration list for PBXProject "ZLMTools" */;
			compatibilityVersion = "Xcode 3.2";
			developmentRegion = English;
			hasScannedForEncodings = 0;
			knownRegions = (
				en,
				Base,
			);
			mainGroup = AE99A3D51D2C946D00A18098;
			productRefGroup = AE99A3DF1D2C946D00A18098 /* Products */;
			projectDirPath = "";
			projectRoot = "";
			targets = (
				AE99A3DD1D2C946D00A18098 /* ZLMTools */,
			);
		};
/* End PBXProject section */

/* Begin PBXResourcesBuildPhase section */
		AE99A3DC1D2C946D00A18098 /* Resources */ = {
			isa = PBXResourcesBuildPhase;
			buildActionMask = 2147483647;
			files = (
				AE99A3F11D2C946D00A18098 /* LaunchScreen.storyboard in Resources */,
				AE99A3EE1D2C946D00A18098 /* Assets.xcassets in Resources */,
				AE99A3EC1D2C946D00A18098 /* Main.storyboard in Resources */,
			);
			runOnlyForDeploymentPostprocessing = 0;
		};
/* End PBXResourcesBuildPhase section */

/* Begin PBXSourcesBuildPhase section */
		AE99A3DA1D2C946D00A18098 /* Sources */ = {
			isa = PBXSourcesBuildPhase;
			buildActionMask = 2147483647;
			files = (
				AE0BA9671E559B5B00E7483F /* ObjcRuntime.m in Sources */,
				AE99A3E91D2C946D00A18098 /* ViewController.m in Sources */,
				AE99A3E61D2C946D00A18098 /* AppDelegate.m in Sources */,
				AE99A3E31D2C946D00A18098 /* main.m in Sources */,
				AE99A3FE1D2C954500A18098 /* UIView+Touch.m in Sources */,
				AE99A3FD1D2C954500A18098 /* UIImage+Expansion.m in Sources */,
			);
			runOnlyForDeploymentPostprocessing = 0;
		};
/* End PBXSourcesBuildPhase section */

/* Begin PBXVariantGroup section */
		AE99A3EA1D2C946D00A18098 /* Main.storyboard */ = {
			isa = PBXVariantGroup;
			children = (
				AE99A3EB1D2C946D00A18098 /* Base */,
			);
			name = Main.storyboard;
			sourceTree = "<group>";
		};
		AE99A3EF1D2C946D00A18098 /* LaunchScreen.storyboard */ = {
			isa = PBXVariantGroup;
			children = (
				AE99A3F01D2C946D00A18098 /* Base */,
			);
			name = LaunchScreen.storyboard;
			sourceTree = "<group>";
		};
/* End PBXVariantGroup section */

/* Begin XCBuildConfiguration section */
		AE99A3F31D2C946D00A18098 /* Debug */ = {
			isa = XCBuildConfiguration;
			buildSettings = {
				ALWAYS_SEARCH_USER_PATHS = NO;
				CLANG_ANALYZER_NONNULL = YES;
				CLANG_CXX_LANGUAGE_STANDARD = "gnu++0x";
				CLANG_CXX_LIBRARY = "libc++";
				CLANG_ENABLE_MODULES = YES;
				CLANG_ENABLE_OBJC_ARC = YES;
				CLANG_WARN_BOOL_CONVERSION = YES;
				CLANG_WARN_CONSTANT_CONVERSION = YES;
				CLANG_WARN_DIRECT_OBJC_ISA_USAGE = YES_ERROR;
				CLANG_WARN_EMPTY_BODY = YES;
				CLANG_WARN_ENUM_CONVERSION = YES;
				CLANG_WARN_INT_CONVERSION = YES;
				CLANG_WARN_OBJC_ROOT_CLASS = YES_ERROR;
				CLANG_WARN_UNREACHABLE_CODE = YES;
				CLANG_WARN__DUPLICATE_METHOD_MATCH = YES;
				"CODE_SIGN_IDENTITY[sdk=iphoneos*]" = "iPhone Developer";
				COPY_PHASE_STRIP = NO;
				DEBUG_INFORMATION_FORMAT = dwarf;
				ENABLE_STRICT_OBJC_MSGSEND = YES;
				ENABLE_TESTABILITY = YES;
				GCC_C_LANGUAGE_STANDARD = gnu99;
				GCC_DYNAMIC_NO_PIC = NO;
				GCC_NO_COMMON_BLOCKS = YES;
				GCC_OPTIMIZATION_LEVEL = 0;
				GCC_PREPROCESSOR_DEFINITIONS = (
					"DEBUG=1",
					"$(inherited)",
				);
				GCC_WARN_64_TO_32_BIT_CONVERSION = YES;
				GCC_WARN_ABOUT_RETURN_TYPE = YES_ERROR;
				GCC_WARN_UNDECLARED_SELECTOR = YES;
				GCC_WARN_UNINITIALIZED_AUTOS = YES_AGGRESSIVE;
				GCC_WARN_UNUSED_FUNCTION = YES;
				GCC_WARN_UNUSED_VARIABLE = YES;
				IPHONEOS_DEPLOYMENT_TARGET = 9.3;
				MTL_ENABLE_DEBUG_INFO = YES;
				ONLY_ACTIVE_ARCH = YES;
				SDKROOT = iphoneos;
				TARGETED_DEVICE_FAMILY = "1,2";
			};
			name = Debug;
		};
		AE99A3F41D2C946D00A18098 /* Release */ = {
			isa = XCBuildConfiguration;
			buildSettings = {
				ALWAYS_SEARCH_USER_PATHS = NO;
				CLANG_ANALYZER_NONNULL = YES;
				CLANG_CXX_LANGUAGE_STANDARD = "gnu++0x";
				CLANG_CXX_LIBRARY = "libc++";
				CLANG_ENABLE_MODULES = YES;
				CLANG_ENABLE_OBJC_ARC = YES;
				CLANG_WARN_BOOL_CONVERSION = YES;
				CLANG_WARN_CONSTANT_CONVERSION = YES;
				CLANG_WARN_DIRECT_OBJC_ISA_USAGE = YES_ERROR;
				CLANG_WARN_EMPTY_BODY = YES;
				CLANG_WARN_ENUM_CONVERSION = YES;
				CLANG_WARN_INT_CONVERSION = YES;
				CLANG_WARN_OBJC_ROOT_CLASS = YES_ERROR;
				CLANG_WARN_UNREACHABLE_CODE = YES;
				CLANG_WARN__DUPLICATE_METHOD_MATCH = YES;
				"CODE_SIGN_IDENTITY[sdk=iphoneos*]" = "iPhone Developer";
				COPY_PHASE_STRIP = NO;
				DEBUG_INFORMATION_FORMAT = "dwarf-with-dsym";
				ENABLE_NS_ASSERTIONS = NO;
				ENABLE_STRICT_OBJC_MSGSEND = YES;
				GCC_C_LANGUAGE_STANDARD = gnu99;
				GCC_NO_COMMON_BLOCKS = YES;
				GCC_WARN_64_TO_32_BIT_CONVERSION = YES;
				GCC_WARN_ABOUT_RETURN_TYPE = YES_ERROR;
				GCC_WARN_UNDECLARED_SELECTOR = YES;
				GCC_WARN_UNINITIALIZED_AUTOS = YES_AGGRESSIVE;
				GCC_WARN_UNUSED_FUNCTION = YES;
				GCC_WARN_UNUSED_VARIABLE = YES;
				IPHONEOS_DEPLOYMENT_TARGET = 9.3;
				MTL_ENABLE_DEBUG_INFO = NO;
				SDKROOT = iphoneos;
				TARGETED_DEVICE_FAMILY = "1,2";
				VALIDATE_PRODUCT = YES;
			};
			name = Release;
		};
		AE99A3F61D2C946D00A18098 /* Debug */ = {
			isa = XCBuildConfiguration;
			buildSettings = {
				ASSETCATALOG_COMPILER_APPICON_NAME = AppIcon;
				GCC_PRECOMPILE_PREFIX_HEADER = YES;
				GCC_PREFIX_HEADER = "ZLMTools/ZLMTools-Prefix.pch";
				INFOPLIST_FILE = ZLMTools/Info.plist;
				LD_RUNPATH_SEARCH_PATHS = "$(inherited) @executable_path/Frameworks";
				PRODUCT_BUNDLE_IDENTIFIER = com.lrts.www.ZLMTools;
				PRODUCT_NAME = "$(TARGET_NAME)";
			};
			name = Debug;
		};
		AE99A3F71D2C946D00A18098 /* Release */ = {
			isa = XCBuildConfiguration;
			buildSettings = {
				ASSETCATALOG_COMPILER_APPICON_NAME = AppIcon;
				GCC_PRECOMPILE_PREFIX_HEADER = YES;
				GCC_PREFIX_HEADER = "ZLMTools/ZLMTools-Prefix.pch";
				INFOPLIST_FILE = ZLMTools/Info.plist;
				LD_RUNPATH_SEARCH_PATHS = "$(inherited) @executable_path/Frameworks";
				PRODUCT_BUNDLE_IDENTIFIER = com.lrts.www.ZLMTools;
				PRODUCT_NAME = "$(TARGET_NAME)";
			};
			name = Release;
		};
/* End XCBuildConfiguration section */

/* Begin XCConfigurationList section */
		AE99A3D91D2C946D00A18098 /* Build configuration list for PBXProject "ZLMTools" */ = {
			isa = XCConfigurationList;
			buildConfigurations = (
				AE99A3F31D2C946D00A18098 /* Debug */,
				AE99A3F41D2C946D00A18098 /* Release */,
			);
			defaultConfigurationIsVisible = 0;
			defaultConfigurationName = Release;
		};
		AE99A3F51D2C946D00A18098 /* Build configuration list for PBXNativeTarget "ZLMTools" */ = {
			isa = XCConfigurationList;
			buildConfigurations = (
				AE99A3F61D2C946D00A18098 /* Debug */,
				AE99A3F71D2C946D00A18098 /* Release */,
			);
			defaultConfigurationIsVisible = 0;
			defaultConfigurationName = Release;
		};
/* End XCConfigurationList section */
	};
	rootObject = AE99A3D61D2C946D00A18098 /* Project object */;
}
